
Microsoft Visual Studio Solution File, Format Version 12.00
# Visual Studio Version 16
VisualStudioVersion = 16.0.30413.136
MinimumVisualStudioVersion = 10.0.40219.1
Project("{FAE04EC0-301F-11D3-BF4B-00C04F79EFBC}") = "schoolLibrary", "schoolLibrary\schoolLibrary.csproj", "{D0469245-4258-4B56-A58D-2AA00CC69AA1}"
EndProject
Project("{FAE04EC0-301F-11D3-BF4B-00C04F79EFBC}") = "schoolFormsApp", "schoolFormsApp\schoolFormsApp.csproj", "{3A895501-17AF-445E-AFD0-64AB9007B346}"
EndProject
Global
	GlobalSection(SolutionConfigurationPlatforms) = preSolution
		Debug|Any CPU = Debug|Any CPU
		Release|Any CPU = Release|Any CPU
	EndGlobalSection
	GlobalSection(ProjectConfigurationPlatforms) = postSolution
		{D0469245-4258-4B56-A58D-2AA00CC69AA1}.Debug|Any CPU.ActiveCfg = Debug|Any CPU
		{D0469245-4258-4B56-A58D-2AA00CC69AA1}.Debug|Any CPU.Build.0 = Debug|Any CPU
		{D0469245-4258-4B56-A58D-2AA00CC69AA1}.Release|Any CPU.ActiveCfg = Release|Any CPU
		{D0469245-4258-4B56-A58D-2AA00CC69AA1}.Release|Any CPU.Build.0 = Release|Any CPU
		{3A895501-17AF-445E-AFD0-64AB9007B346}.Debug|Any CPU.ActiveCfg = Debug|Any CPU
		{3A895501-17AF-445E-AFD0-64AB9007B346}.Debug|Any CPU.Build.0 = Debug|Any CPU
		{3A895501-17AF-445E-AFD0-64AB9007B346}.Release|Any CPU.ActiveCfg = Release|Any CPU
		{3A895501-17AF-445E-AFD0-64AB9007B346}.Release|Any CPU.Build.0 = Release|Any CPU
	EndGlobalSection
	GlobalSection(SolutionProperties) = preSolution
		HideSolutionNode = FALSE
	EndGlobalSection
	GlobalSection(ExtensibilityGlobals) = postSolution
		SolutionGuid = {A07DDF60-4D26-4440-BAA0-FE7E07EE093D}
	EndGlobalSection
EndGlobal
